
Microsoft Visual Studio Solution File, Format Version 12.00
# Visual Studio Version 17
VisualStudioVersion = 17.0.32014.148
MinimumVisualStudioVersion = 10.0.40219.1
Project("{FAE04EC0-301F-11D3-BF4B-00C04F79EFBC}") = "DemoRepositoryProject", "DemoRepositoryProject\DemoRepositoryProject.csproj", "{68550E14-4F31-4E03-9597-A9526FC5AD58}"
EndProject
Project("{FAE04EC0-301F-11D3-BF4B-00C04F79EFBC}") = "Demo.Data", "Demo.Data\Demo.Data.csproj", "{5E8F66E1-F5E6-4FEE-91A8-709D80F31AAB}"
EndProject
Project("{FAE04EC0-301F-11D3-BF4B-00C04F79EFBC}") = "Demo.DAL", "Demo.DAL\Demo.DAL.csproj", "{C1AAC05C-1793-4E02-839C-A99F756574E3}"
EndProject
Project("{FAE04EC0-301F-11D3-BF4B-00C04F79EFBC}") = "Demo.BLR", "Demo.BLR\Demo.BLR.csproj", "{106EEBBF-CC3C-4499-AD35-78962268C633}"
EndProject
Global
	GlobalSection(SolutionConfigurationPlatforms) = preSolution
		Debug|Any CPU = Debug|Any CPU
		Release|Any CPU = Release|Any CPU
	EndGlobalSection
	GlobalSection(ProjectConfigurationPlatforms) = postSolution
		{68550E14-4F31-4E03-9597-A9526FC5AD58}.Debug|Any CPU.ActiveCfg = Debug|Any CPU
		{68550E14-4F31-4E03-9597-A9526FC5AD58}.Debug|Any CPU.Build.0 = Debug|Any CPU
		{68550E14-4F31-4E03-9597-A9526FC5AD58}.Release|Any CPU.ActiveCfg = Release|Any CPU
		{68550E14-4F31-4E03-9597-A9526FC5AD58}.Release|Any CPU.Build.0 = Release|Any CPU
		{5E8F66E1-F5E6-4FEE-91A8-709D80F31AAB}.Debug|Any CPU.ActiveCfg = Debug|Any CPU
		{5E8F66E1-F5E6-4FEE-91A8-709D80F31AAB}.Debug|Any CPU.Build.0 = Debug|Any CPU
		{5E8F66E1-F5E6-4FEE-91A8-709D80F31AAB}.Release|Any CPU.ActiveCfg = Release|Any CPU
		{5E8F66E1-F5E6-4FEE-91A8-709D80F31AAB}.Release|Any CPU.Build.0 = Release|Any CPU
		{C1AAC05C-1793-4E02-839C-A99F756574E3}.Debug|Any CPU.ActiveCfg = Debug|Any CPU
		{C1AAC05C-1793-4E02-839C-A99F756574E3}.Debug|Any CPU.Build.0 = Debug|Any CPU
		{C1AAC05C-1793-4E02-839C-A99F756574E3}.Release|Any CPU.ActiveCfg = Release|Any CPU
		{C1AAC05C-1793-4E02-839C-A99F756574E3}.Release|Any CPU.Build.0 = Release|Any CPU
		{106EEBBF-CC3C-4499-AD35-78962268C633}.Debug|Any CPU.ActiveCfg = Debug|Any CPU
		{106EEBBF-CC3C-4499-AD35-78962268C633}.Debug|Any CPU.Build.0 = Debug|Any CPU
		{106EEBBF-CC3C-4499-AD35-78962268C633}.Release|Any CPU.ActiveCfg = Release|Any CPU
		{106EEBBF-CC3C-4499-AD35-78962268C633}.Release|Any CPU.Build.0 = Release|Any CPU
	EndGlobalSection
	GlobalSection(SolutionProperties) = preSolution
		HideSolutionNode = FALSE
	EndGlobalSection
	GlobalSection(ExtensibilityGlobals) = postSolution
		SolutionGuid = {F2E0B293-EF4F-435A-9F3C-02F3DA920909}
	EndGlobalSection
EndGlobal
